{
  "schema_version": 1,
  "channel": "stable",
  "download_base_url": "https://cef-builds.spotifycdn.com",
  "provenance": {
    "index_url": "https://cef-builds.spotifycdn.com/index.json",
    "initial_distribution_date": "2026-09-22",
    "initial_version_basis": "CEF README.txt and include/cef_version.h from the existing macosarm64 distribution",
    "initial_checksum_basis": "CEF published index.json SHA-1 values for the macosarm64 and macosx64 standard archives"
  },
  "platforms": {
    "macosarm64": {
      "platform": "macosarm64",
      "cef_version": "154.0.34+g14c5a08+chromium-154.0.8037.98",
      "chromium_version": "154.0.8037.98",
      "archive": "cef_binary_154.0.34+g14c5a08+chromium-154.0.8037.98_macosarm64.tar.bz2",
      "checksum": {
        "algorithm": "sha1",
        "value": "b7e1bc1c719f1b8907b0398d8666339471a316c8"
      }
    },
    "macosx64": {
      "platform": "macosx64",
      "cef_version": "154.0.34+g14c5a08+chromium-154.0.8037.98",
      "chromium_version": "154.0.8037.98",
      "archive": "cef_binary_154.0.34+g14c5a08+chromium-154.0.8037.98_macosx64.tar.bz2",
      "checksum": {
        "algorithm": "sha1",
        "value": "d185ae093e6827abc7a06ef20aa78d48ac5d4774"
      }
    }
  }
}
